
Microsoft Visual Studio Solution File, Format Version 11.00
# Visual Studio 2010
Project("{FAE04EC0-301F-11D3-BF4B-00C04F79EFBC}") = "RoomTest", "Assembly-CSharp.csproj", "{3AF548E2-FEB2-48BF-D026-FD446B3BB24B}"
EndProject
Project("{FAE04EC0-301F-11D3-BF4B-00C04F79EFBC}") = "RoomTest", "Assembly-CSharp-Editor.csproj", "{5DA90C68-2613-F943-BB9E-CA82269D9905}"
EndProject
Global
	GlobalSection(SolutionConfigurationPlatforms) = preSolution
		Debug|Any CPU = Debug|Any CPU
		Release|Any CPU = Release|Any CPU
	EndGlobalSection
	GlobalSection(ProjectConfigurationPlatforms) = postSolution
		{3AF548E2-FEB2-48BF-D026-FD446B3BB24B}.Debug|Any CPU.ActiveCfg = Debug|Any CPU
		{3AF548E2-FEB2-48BF-D026-FD446B3BB24B}.Debug|Any CPU.Build.0 = Debug|Any CPU
		{3AF548E2-FEB2-48BF-D026-FD446B3BB24B}.Release|Any CPU.ActiveCfg = Release|Any CPU
		{3AF548E2-FEB2-48BF-D026-FD446B3BB24B}.Release|Any CPU.Build.0 = Release|Any CPU
		{5DA90C68-2613-F943-BB9E-CA82269D9905}.Debug|Any CPU.ActiveCfg = Debug|Any CPU
		{5DA90C68-2613-F943-BB9E-CA82269D9905}.Debug|Any CPU.Build.0 = Debug|Any CPU
		{5DA90C68-2613-F943-BB9E-CA82269D9905}.Release|Any CPU.ActiveCfg = Release|Any CPU
		{5DA90C68-2613-F943-BB9E-CA82269D9905}.Release|Any CPU.Build.0 = Release|Any CPU
	EndGlobalSection
	GlobalSection(SolutionProperties) = preSolution
		HideSolutionNode = FALSE
	EndGlobalSection
	GlobalSection(MonoDevelopProperties) = preSolution
		StartupItem = Assembly-CSharp.csproj
	EndGlobalSection
EndGlobal
